
Microsoft Visual Studio Solution File, Format Version 12.00
Project("{F2A71F9B-5D33-465A-A702-920D77279786}") = "TestProject1", "TestProject1\TestProject1.fsproj", "{6B6F4A51-0E81-44D3-BA58-B414241A2565}"
EndProject
Global
	GlobalSection(SolutionConfigurationPlatforms) = preSolution
		Debug|Any CPU = Debug|Any CPU
		Release|Any CPU = Release|Any CPU
	EndGlobalSection
	GlobalSection(ProjectConfigurationPlatforms) = postSolution
		{6B6F4A51-0E81-44D3-BA58-B414241A2565}.Debug|Any CPU.ActiveCfg = Debug|Any CPU
		{6B6F4A51-0E81-44D3-BA58-B414241A2565}.Debug|Any CPU.Build.0 = Debug|Any CPU
		{6B6F4A51-0E81-44D3-BA58-B414241A2565}.Release|Any CPU.ActiveCfg = Release|Any CPU
		{6B6F4A51-0E81-44D3-BA58-B414241A2565}.Release|Any CPU.Build.0 = Release|Any CPU
	EndGlobalSection
EndGlobal
