
Microsoft Visual Studio Solution File, Format Version 12.00
Project("{F2A71F9B-5D33-465A-A702-920D77279786}") = "TennisKattaSpec", "TennisKattaSpec\TennisKattaSpec.fsproj", "{6020E860-C94C-469C-ABB7-D1A84E9342CF}"
EndProject
Global
	GlobalSection(SolutionConfigurationPlatforms) = preSolution
		Debug|Any CPU = Debug|Any CPU
		Release|Any CPU = Release|Any CPU
	EndGlobalSection
	GlobalSection(ProjectConfigurationPlatforms) = postSolution
		{6020E860-C94C-469C-ABB7-D1A84E9342CF}.Debug|Any CPU.ActiveCfg = Debug|Any CPU
		{6020E860-C94C-469C-ABB7-D1A84E9342CF}.Debug|Any CPU.Build.0 = Debug|Any CPU
		{6020E860-C94C-469C-ABB7-D1A84E9342CF}.Release|Any CPU.ActiveCfg = Release|Any CPU
		{6020E860-C94C-469C-ABB7-D1A84E9342CF}.Release|Any CPU.Build.0 = Release|Any CPU
	EndGlobalSection
EndGlobal
